---
id: arcblock
rank: 150
symbol: ABT
name: Arcblock
marketCap:
  BTC: "3412.13287835"
  USD: "38625888.5364"
price:
  BTC: "3.46218550586e-05"
  USD: "0.391924922649"
volume:
  BTC: "396.635077285"
  USD: "4489972.3519"
supply:
  ABT: "98554305.4403"
change:
  1h: "0.24"
  24h: "-0.70"
  7d: "-7.61"
isMineable: false