---
id: brickblock
rank: 1217
symbol: BBK
name: Brickblock
marketCap:
  BTC: "240.398384087"
  USD: "2725715.17149"
price:
  BTC: "3.19971088703e-06"
  USD: "0.0362793641158"
volume:
  BTC: "0.00686337985269"
  USD: "77.8192360284"
supply:
  BBK: "75131282.9736"
change:
  1h: "0.86"
  24h: "0.76"
  7d: "-18.54"
isMineable: false