---
id: commerceblock
rank: 508
symbol: CBT
name: CommerceBlock
marketCap:
  BTC: "462.952012297"
  USD: "5249100.68918"
price:
  BTC: "2.66421615647e-06"
  USD: "0.0302077504613"
volume:
  BTC: "0.112946640703"
  USD: "1280.62579664"
supply:
  CBT: "173766686.0"
change:
  1h: "0.17"
  24h: "-13.34"
  7d: "6.89"
isMineable: false