---
id: commerceblock
rank: 505
symbol: CBT
name: CommerceBlock
marketCap:
  BTC: "455.789853057"
  USD: "5159613.85087"
price:
  BTC: "2.62299905436e-06"
  USD: "0.0296927677545"
volume:
  BTC: "0.168094871117"
  USD: "1902.860758"
supply:
  CBT: "173766686.0"
change:
  1h: "9.64"
  24h: "-13.90"
  7d: "7.93"
isMineable: false