---
id: veriblock
rank: 247
symbol: VBK
name: VeriBlock
marketCap:
  BTC: "1445.62805911"
  USD: "18333005.5188"
price:
  BTC: "3.05033347958e-06"
  USD: "0.0386833806682"
volume:
  BTC: "82.3663407231"
  USD: "1044544.32073"
supply:
  VBK: "473924595.061"
change:
  1h: "-4.54"
  24h: "13.66"
  7d: "17.23"
isMineable: true