---
id: wild-beast-block
rank: 1803
symbol: WBB
name: Wild Beast Block
marketCap:
  BTC: "0.653090084515"
  USD: "7379.15959956"
price:
  BTC: "3.59e-06"
  USD: "0.0405628313621"
volume:
  BTC: "0.00047738"
  USD: "5.39383967566"
supply:
  WBB: "181919.243597"
change:
  1h: "0.08"
  24h: "0.27"
  7d: "20.18"
isMineable: true