---
id: arcblock
rank: 151
symbol: ABT
name: Arcblock
marketCap:
  BTC: "3401.20256188"
  USD: "38596169.6546"
price:
  BTC: "3.45109485241e-05"
  USD: "0.391623374364"
volume:
  BTC: "394.304537301"
  USD: "4474489.40203"
supply:
  ABT: "98554305.4403"
change:
  1h: "-0.06"
  24h: "-0.68"
  7d: "-7.92"
isMineable: false