---
id: arcblock
rank: 151
symbol: ABT
name: Arcblock
marketCap:
  BTC: "3428.01792816"
  USD: "38606069.8755"
price:
  USD: "0.391723828838"
  BTC: "3.4783035737e-05"
volume:
  USD: "4502651.13715"
  BTC: "399.811969263"
supply:
  ABT: "98554305.4403"
change:
  1h: "-0.37"
  24h: "-0.51"
  7d: "-8.29"
isMineable: false