---
id: arcblock
rank: 151
symbol: ABT
name: Arcblock
marketCap:
  BTC: "3430.46908555"
  USD: "38560486.7536"
price:
  BTC: "3.48079068715e-05"
  USD: "0.391261311024"
volume:
  USD: "4497896.55246"
  BTC: "400.147829353"
supply:
  ABT: "98554305.4403"
change:
  24h: "-0.56"
  7d: "-8.46"
  1h: "-0.67"
isMineable: false