---
id: arcblock
rank: 148
symbol: ABT
name: Arcblock
marketCap:
  USD: "38463505.8609"
  BTC: "3545.44843051"
price:
  USD: "0.390277275955"
  BTC: "3.59745666582e-05"
volume:
  BTC: "442.619610787"
  USD: "4801847.30573"
supply:
  ABT: "98554305.4403"
change:
  7d: "-8.90"
  24h: "-3.64"
  1h: "-0.06"
isMineable: false