---
id: brickblock
rank: 1210
symbol: BBK
name: Brickblock
marketCap:
  BTC: "246.997089155"
  USD: "2688129.39428"
price:
  USD: "0.0357790961086"
  BTC: "3.28753988191e-06"
volume:
  USD: "206.515160653"
  BTC: "0.0189755164526"
supply:
  BBK: "75131282.9736"
change:
  24h: "-8.82"
  7d: "-14.71"
  1h: "-0.55"
isMineable: false