---
id: commerceblock
rank: 501
symbol: CBT
name: CommerceBlock
marketCap:
  BTC: "467.843043648"
  USD: "5091649.62971"
price:
  USD: "0.0293016443308"
  BTC: "2.6923632741e-06"
volume:
  BTC: "0.193617535232"
  USD: "2107.18672631"
supply:
  CBT: "173766686.0"
change:
  24h: "0.99"
  7d: "-2.72"
  1h: "-1.52"
isMineable: false