---
id: commerceblock
rank: 502
symbol: CBT
name: CommerceBlock
marketCap:
  USD: "5095289.70706"
  BTC: "467.923827355"
price:
  USD: "0.0293225924045"
  BTC: "2.69282817165e-06"
volume:
  USD: "2108.61948104"
  BTC: "0.193644199786"
supply:
  CBT: "173766686.0"
change:
  24h: "0.70"
  1h: "-10.04"
  7d: "-3.19"
isMineable: false