---
id: commerceblock
rank: 502
symbol: CBT
name: CommerceBlock
marketCap:
  BTC: "467.56933155"
  USD: "5072519.33766"
price:
  BTC: "2.69078810394e-06"
  USD: "0.0291915525031"
volume:
  USD: "2098.95848856"
  BTC: "0.193475579316"
supply:
  CBT: "173766686.0"
change:
  24h: "0.46"
  7d: "-3.43"
  1h: "-4.49"
isMineable: false