---
id: lendingblock
rank: 484
symbol: LND
name: Lendingblock
marketCap:
  USD: "5751263.8988"
  BTC: "530.133931037"
price:
  BTC: "6.87276246508e-07"
  USD: "0.00745605371328"
volume:
  USD: "41580.5944842"
  BTC: "3.83277213438"
supply:
  LND: "771354944.581"
change:
  7d: "38.79"
  24h: "-0.25"
  1h: "-1.48"
isMineable: false