---
id: veriblock
rank: 253
symbol: VBK
name: VeriBlock
marketCap:
  BTC: "1506.74470969"
  USD: "16936695.2362"
price:
  USD: "0.0357687490878"
  BTC: "3.18210682242e-06"
volume:
  USD: "732827.510409"
  BTC: "65.1947714136"
supply:
  VBK: "473505382.998"
change:
  1h: "-0.06"
  24h: "-5.48"
  7d: "8.94"
isMineable: true