---
id: veriblock
rank: 253
symbol: VBK
name: VeriBlock
marketCap:
  BTC: "1476.81906876"
  USD: "16631820.8821"
price:
  USD: "0.0351248823758"
  BTC: "3.11890660969e-06"
volume:
  BTC: "64.7516878434"
  USD: "729228.445657"
supply:
  VBK: "473505382.998"
change:
  1h: "-2.55"
  24h: "-7.26"
  7d: "7.00"
isMineable: true