---
id: veriblock
rank: 254
symbol: VBK
name: VeriBlock
marketCap:
  BTC: "1463.35406671"
  USD: "16519985.8217"
price:
  BTC: "3.09040351329e-06"
  USD: "0.0348879491193"
volume:
  BTC: "66.2536553891"
  USD: "747945.745025"
supply:
  VBK: "473515532.977"
change:
  1h: "-2.21"
  24h: "-8.06"
  7d: "6.37"
isMineable: true