---
id: wild-beast-block
rank: 1802
symbol: WBB
name: Wild Beast Block
marketCap:
  BTC: "0.682312227015"
  USD: "7425.76991407"
price:
  BTC: "3.75063249782e-06"
  USD: "0.0408190456778"
volume:
  BTC: "0.000326655086343"
  USD: "3.55506675157"
supply:
  WBB: "181919.243597"
change:
  1h: "-0.39"
  7d: "20.74"
  24h: "-1.38"
isMineable: true