---
id: wild-beast-block
rank: 1803
symbol: WBB
name: Wild Beast Block
marketCap:
  USD: "7345.90873313"
  BTC: "0.652798071596"
price:
  USD: "0.0403800531921"
  BTC: "3.58839482117e-06"
volume:
  USD: "5.36953476123"
  BTC: "0.000477166551457"
supply:
  WBB: "181919.243597"
change:
  24h: "0.15"
  1h: "0.70"
  7d: "19.58"
isMineable: true