---
id: wild-beast-block
rank: 1802
symbol: WBB
name: Wild Beast Block
marketCap:
  BTC: "0.682251642288"
  USD: "7430.7847613"
price:
  BTC: "3.75029946693e-06"
  USD: "0.0408466120151"
volume:
  BTC: "0.000326626081573"
  USD: "3.55746759577"
supply:
  WBB: "181919.243597"
change:
  1h: "0.02"
  24h: "-1.30"
  7d: "20.82"
isMineable: true